
Microsoft Visual Studio Solution File, Format Version 12.00
# Visual Studio Version 17
VisualStudioVersion = 17.11.35222.181
MinimumVisualStudioVersion = 10.0.40219.1
Project("{FAE04EC0-301F-11D3-BF4B-00C04F79EFBC}") = "Ejercicio1", "Ejercicio1\Ejercicio1.csproj", "{5FEB4519-8287-4A3C-84EE-2B5D11AF2AA8}"
EndProject
Project("{FAE04EC0-301F-11D3-BF4B-00C04F79EFBC}") = "Ejercicio2", "Ejercicio2\Ejercicio2.csproj", "{3781CAE8-1B38-4130-BA5D-F5D4D3E11023}"
EndProject
Project("{FAE04EC0-301F-11D3-BF4B-00C04F79EFBC}") = "Ejercicio3", "Ejercicio3\Ejercicio3.csproj", "{F60F2D09-DB1A-4A35-8BE8-318E12B4F5F5}"
EndProject
Global
	GlobalSection(SolutionConfigurationPlatforms) = preSolution
		Debug|Any CPU = Debug|Any CPU
		Release|Any CPU = Release|Any CPU
	EndGlobalSection
	GlobalSection(ProjectConfigurationPlatforms) = postSolution
		{5FEB4519-8287-4A3C-84EE-2B5D11AF2AA8}.Debug|Any CPU.ActiveCfg = Debug|Any CPU
		{5FEB4519-8287-4A3C-84EE-2B5D11AF2AA8}.Debug|Any CPU.Build.0 = Debug|Any CPU
		{5FEB4519-8287-4A3C-84EE-2B5D11AF2AA8}.Release|Any CPU.ActiveCfg = Release|Any CPU
		{5FEB4519-8287-4A3C-84EE-2B5D11AF2AA8}.Release|Any CPU.Build.0 = Release|Any CPU
		{3781CAE8-1B38-4130-BA5D-F5D4D3E11023}.Debug|Any CPU.ActiveCfg = Debug|Any CPU
		{3781CAE8-1B38-4130-BA5D-F5D4D3E11023}.Debug|Any CPU.Build.0 = Debug|Any CPU
		{3781CAE8-1B38-4130-BA5D-F5D4D3E11023}.Release|Any CPU.ActiveCfg = Release|Any CPU
		{3781CAE8-1B38-4130-BA5D-F5D4D3E11023}.Release|Any CPU.Build.0 = Release|Any CPU
		{F60F2D09-DB1A-4A35-8BE8-318E12B4F5F5}.Debug|Any CPU.ActiveCfg = Debug|Any CPU
		{F60F2D09-DB1A-4A35-8BE8-318E12B4F5F5}.Debug|Any CPU.Build.0 = Debug|Any CPU
		{F60F2D09-DB1A-4A35-8BE8-318E12B4F5F5}.Release|Any CPU.ActiveCfg = Release|Any CPU
		{F60F2D09-DB1A-4A35-8BE8-318E12B4F5F5}.Release|Any CPU.Build.0 = Release|Any CPU
	EndGlobalSection
	GlobalSection(SolutionProperties) = preSolution
		HideSolutionNode = FALSE
	EndGlobalSection
	GlobalSection(ExtensibilityGlobals) = postSolution
		SolutionGuid = {AD378104-1E3D-4F8D-98D6-5CD614FF6648}
	EndGlobalSection
EndGlobal
